
Microsoft Visual Studio Solution File, Format Version 12.00
# Visual Studio 15
VisualStudioVersion = 15.0.27428.2015
MinimumVisualStudioVersion = 10.0.40219.1
Project("{FAE04EC0-301F-11D3-BF4B-00C04F79EFBC}") = "ComicBookGallery", "ComicBookGallery\ComicBookGallery.csproj", "{EF41F2F4-DDBE-40BD-81E4-487DD267E3BC}"
EndProject
Global
	GlobalSection(SolutionConfigurationPlatforms) = preSolution
		Debug|Any CPU = Debug|Any CPU
		Release|Any CPU = Release|Any CPU
	EndGlobalSection
	GlobalSection(ProjectConfigurationPlatforms) = postSolution
		{EF41F2F4-DDBE-40BD-81E4-487DD267E3BC}.Debug|Any CPU.ActiveCfg = Debug|Any CPU
		{EF41F2F4-DDBE-40BD-81E4-487DD267E3BC}.Debug|Any CPU.Build.0 = Debug|Any CPU
		{EF41F2F4-DDBE-40BD-81E4-487DD267E3BC}.Release|Any CPU.ActiveCfg = Release|Any CPU
		{EF41F2F4-DDBE-40BD-81E4-487DD267E3BC}.Release|Any CPU.Build.0 = Release|Any CPU
	EndGlobalSection
	GlobalSection(SolutionProperties) = preSolution
		HideSolutionNode = FALSE
	EndGlobalSection
	GlobalSection(ExtensibilityGlobals) = postSolution
		SolutionGuid = {DDC94B34-7B56-4034-839C-D5DB9DB63D5B}
	EndGlobalSection
EndGlobal
